// !$*UTF8*$!
{
	archiveVersion = 1;
	classes = {
	};
	objectVersion = 55;
	objects = {

/* Begin PBXBuildFile section */
		500BF3DA27F762F200C19F39 /* GoogleService-Info.plist in Resources */ = {isa = PBXBuildFile; fileRef = 500BF3D927F762F200C19F39 /* GoogleService-Info.plist */; };
		500BF3DD27F767C600C19F39 /* FirebaseAnalytics in Frameworks */ = {isa = PBXBuildFile; productRef = 500BF3DC27F767C600C19F39 /* FirebaseAnalytics */; };
		500BF3DF27F767C600C19F39 /* FirebaseAuth in Frameworks */ = {isa = PBXBuildFile; productRef = 500BF3DE27F767C600C19F39 /* FirebaseAuth */; };
		500BF3E127F767C600C19F39 /* FirebaseFirestore in Frameworks */ = {isa = PBXBuildFile; productRef = 500BF3E027F767C600C19F39 /* FirebaseFirestore */; };
		500BF3E327F767C600C19F39 /* FirebaseStorage in Frameworks */ = {isa = PBXBuildFile; productRef = 500BF3E227F767C600C19F39 /* FirebaseStorage */; };
		500BF3E727F77C2700C19F39 /* AuthViewModel.swift in Sources */ = {isa = PBXBuildFile; fileRef = 500BF3E627F77C2700C19F39 /* AuthViewModel.swift */; };
		500BF3EA27F78E9300C19F39 /* AuthManager.swift in Sources */ = {isa = PBXBuildFile; fileRef = 500BF3E927F78E9300C19F39 /* AuthManager.swift */; };
		500BF3EC27FAFF6900C19F39 /* SignInView.swift in Sources */ = {isa = PBXBuildFile; fileRef = 500BF3EB27FAFF6900C19F39 /* SignInView.swift */; };
		500BF3EE27FB0FCF00C19F39 /* PasportsView.swift in Sources */ = {isa = PBXBuildFile; fileRef = 500BF3ED27FB0FCF00C19F39 /* PasportsView.swift */; };
		500BF3F127FB1FE700C19F39 /* PasportTileView.swift in Sources */ = {isa = PBXBuildFile; fileRef = 500BF3F027FB1FE700C19F39 /* PasportTileView.swift */; };
		500BF3F327FB3FBC00C19F39 /* PasportDetailView.swift in Sources */ = {isa = PBXBuildFile; fileRef = 500BF3F227FB3FBC00C19F39 /* PasportDetailView.swift */; };
		500BF3F527FB456D00C19F39 /* Pasport.swift in Sources */ = {isa = PBXBuildFile; fileRef = 500BF3F427FB456D00C19F39 /* Pasport.swift */; };
		500BF3F727FB95C000C19F39 /* PasportsManager.swift in Sources */ = {isa = PBXBuildFile; fileRef = 500BF3F627FB95C000C19F39 /* PasportsManager.swift */; };
		500BF3F927FB9FCA00C19F39 /* ProfileView.swift in Sources */ = {isa = PBXBuildFile; fileRef = 500BF3F827FB9FCA00C19F39 /* ProfileView.swift */; };
		500BF3FB27FC807500C19F39 /* SpinnerView.swift in Sources */ = {isa = PBXBuildFile; fileRef = 500BF3FA27FC807500C19F39 /* SpinnerView.swift */; };
		500BF3FD27FC955B00C19F39 /* ProfileViewWrapper.swift in Sources */ = {isa = PBXBuildFile; fileRef = 500BF3FC27FC955B00C19F39 /* ProfileViewWrapper.swift */; };
		500BF40227FCB5CF00C19F39 /* EmailAuthViewModel.swift in Sources */ = {isa = PBXBuildFile; fileRef = 500BF40127FCB5CF00C19F39 /* EmailAuthViewModel.swift */; };
		501ECAFF27FED29A006F2FE6 /* AuthTextView.swift in Sources */ = {isa = PBXBuildFile; fileRef = 501ECAFE27FED29A006F2FE6 /* AuthTextView.swift */; };
		5039884627F461A900EA01CA /* AuthMethodsView.swift in Sources */ = {isa = PBXBuildFile; fileRef = 5039884527F461A900EA01CA /* AuthMethodsView.swift */; };
		5039884927F46A3000EA01CA /* PartialSheet in Frameworks */ = {isa = PBXBuildFile; productRef = 5039884827F46A3000EA01CA /* PartialSheet */; };
		5039884F27F484FB00EA01CA /* WideButtonView.swift in Sources */ = {isa = PBXBuildFile; fileRef = 5039884E27F484FB00EA01CA /* WideButtonView.swift */; };
		5039885127F4E85600EA01CA /* EmailAuthView.swift in Sources */ = {isa = PBXBuildFile; fileRef = 5039885027F4E85600EA01CA /* EmailAuthView.swift */; };
		5039885327F502B200EA01CA /* EmailValidation.swift in Sources */ = {isa = PBXBuildFile; fileRef = 5039885227F502B200EA01CA /* EmailValidation.swift */; };
		509F4A0227F6FB5F0078968E /* EmailTextField.swift in Sources */ = {isa = PBXBuildFile; fileRef = 509F4A0127F6FB5F0078968E /* EmailTextField.swift */; };
		509F4A0627F70EFC0078968E /* EmailRegistrationView.swift in Sources */ = {isa = PBXBuildFile; fileRef = 509F4A0527F70EFC0078968E /* EmailRegistrationView.swift */; };
		509F4A0827F7164B0078968E /* SecureInputView.swift in Sources */ = {isa = PBXBuildFile; fileRef = 509F4A0727F7164B0078968E /* SecureInputView.swift */; };
		509F4A0A27F72C3F0078968E /* PrivacyPolicyView.swift in Sources */ = {isa = PBXBuildFile; fileRef = 509F4A0927F72C3F0078968E /* PrivacyPolicyView.swift */; };
		50AA9FEC27FF06700009F77B /* Localizable.strings in Resources */ = {isa = PBXBuildFile; fileRef = 50AA9FEE27FF06700009F77B /* Localizable.strings */; };
		50AA9FF227FF18420009F77B /* Credentials.swift in Sources */ = {isa = PBXBuildFile; fileRef = 50AA9FF127FF18420009F77B /* Credentials.swift */; };
		50FF5DE827EF36E2009F1E80 /* TourPortalApp.swift in Sources */ = {isa = PBXBuildFile; fileRef = 50FF5DE727EF36E2009F1E80 /* TourPortalApp.swift */; };
		50FF5DEA27EF36E2009F1E80 /* MainTabView.swift in Sources */ = {isa = PBXBuildFile; fileRef = 50FF5DE927EF36E2009F1E80 /* MainTabView.swift */; };
		50FF5DEC27EF36E4009F1E80 /* Assets.xcassets in Resources */ = {isa = PBXBuildFile; fileRef = 50FF5DEB27EF36E4009F1E80 /* Assets.xcassets */; };
		50FF5DEF27EF36E4009F1E80 /* Preview Assets.xcassets in Resources */ = {isa = PBXBuildFile; fileRef = 50FF5DEE27EF36E4009F1E80 /* Preview Assets.xcassets */; };
		50FF5DF627EF38DF009F1E80 /* MainView.swift in Sources */ = {isa = PBXBuildFile; fileRef = 50FF5DF527EF38DF009F1E80 /* MainView.swift */; };
		50FF5DF827F081A1009F1E80 /* NewsfeedView.swift in Sources */ = {isa = PBXBuildFile; fileRef = 50FF5DF727F081A1009F1E80 /* NewsfeedView.swift */; };
		50FF5DFF27F08C7C009F1E80 /* TextIconLabelStyle.swift in Sources */ = {isa = PBXBuildFile; fileRef = 50FF5DFE27F08C7C009F1E80 /* TextIconLabelStyle.swift */; };
		50FF5E0127F09D20009F1E80 /* SearchModuleView.swift in Sources */ = {isa = PBXBuildFile; fileRef = 50FF5E0027F09D20009F1E80 /* SearchModuleView.swift */; };
		50FF5E0327F0A0C2009F1E80 /* LogoView.swift in Sources */ = {isa = PBXBuildFile; fileRef = 50FF5E0227F0A0C2009F1E80 /* LogoView.swift */; };
		50FF5E0527F0A734009F1E80 /* PopularRoutesView.swift in Sources */ = {isa = PBXBuildFile; fileRef = 50FF5E0427F0A734009F1E80 /* PopularRoutesView.swift */; };
		50FF5E0727F0A99E009F1E80 /* AvailableRoutesView.swift in Sources */ = {isa = PBXBuildFile; fileRef = 50FF5E0627F0A99E009F1E80 /* AvailableRoutesView.swift */; };
		50FF5E0A27F0E925009F1E80 /* ChatView.swift in Sources */ = {isa = PBXBuildFile; fileRef = 50FF5E0927F0E925009F1E80 /* ChatView.swift */; };
		50FF5E0D27F0EA3C009F1E80 /* AuthView.swift in Sources */ = {isa = PBXBuildFile; fileRef = 50FF5E0C27F0EA3C009F1E80 /* AuthView.swift */; };
		50FF5E1127F2206C009F1E80 /* NewsTileView.swift in Sources */ = {isa = PBXBuildFile; fileRef = 50FF5E1027F2206C009F1E80 /* NewsTileView.swift */; };
		50FF5E1327F25A06009F1E80 /* NewsDetailView.swift in Sources */ = {isa = PBXBuildFile; fileRef = 50FF5E1227F25A06009F1E80 /* NewsDetailView.swift */; };
		50FF5E1527F32466009F1E80 /* SoucialMediaStackView.swift in Sources */ = {isa = PBXBuildFile; fileRef = 50FF5E1427F32466009F1E80 /* SoucialMediaStackView.swift */; };
		50FF5E1727F331F8009F1E80 /* OfficeInfoView.swift in Sources */ = {isa = PBXBuildFile; fileRef = 50FF5E1627F331F8009F1E80 /* OfficeInfoView.swift */; };
		50FF5E1927F34844009F1E80 /* OfficeMapView.swift in Sources */ = {isa = PBXBuildFile; fileRef = 50FF5E1827F34844009F1E80 /* OfficeMapView.swift */; };
		50FF5E1B27F3A125009F1E80 /* PhoneCallButtonView.swift in Sources */ = {isa = PBXBuildFile; fileRef = 50FF5E1A27F3A125009F1E80 /* PhoneCallButtonView.swift */; };
/* End PBXBuildFile section */

/* Begin PBXFileReference section */
		500BF3D927F762F200C19F39 /* GoogleService-Info.plist */ = {isa = PBXFileReference; fileEncoding = 4; lastKnownFileType = text.plist.xml; path = "GoogleService-Info.plist"; sourceTree = "<group>"; };
		500BF3E627F77C2700C19F39 /* AuthViewModel.swift */ = {isa = PBXFileReference; lastKnownFileType = sourcecode.swift; path = AuthViewModel.swift; sourceTree = "<group>"; };
		500BF3E927F78E9300C19F39 /* AuthManager.swift */ = {isa = PBXFileReference; lastKnownFileType = sourcecode.swift; path = AuthManager.swift; sourceTree = "<group>"; };
		500BF3EB27FAFF6900C19F39 /* SignInView.swift */ = {isa = PBXFileReference; lastKnownFileType = sourcecode.swift; path = SignInView.swift; sourceTree = "<group>"; };
		500BF3ED27FB0FCF00C19F39 /* PasportsView.swift */ = {isa = PBXFileReference; lastKnownFileType = sourcecode.swift; path = PasportsView.swift; sourceTree = "<group>"; };
		500BF3F027FB1FE700C19F39 /* PasportTileView.swift */ = {isa = PBXFileReference; lastKnownFileType = sourcecode.swift; path = PasportTileView.swift; sourceTree = "<group>"; };
		500BF3F227FB3FBC00C19F39 /* PasportDetailView.swift */ = {isa = PBXFileReference; lastKnownFileType = sourcecode.swift; path = PasportDetailView.swift; sourceTree = "<group>"; };
		500BF3F427FB456D00C19F39 /* Pasport.swift */ = {isa = PBXFileReference; lastKnownFileType = sourcecode.swift; path = Pasport.swift; sourceTree = "<group>"; };
		500BF3F627FB95C000C19F39 /* PasportsManager.swift */ = {isa = PBXFileReference; lastKnownFileType = sourcecode.swift; path = PasportsManager.swift; sourceTree = "<group>"; };
		500BF3F827FB9FCA00C19F39 /* ProfileView.swift */ = {isa = PBXFileReference; lastKnownFileType = sourcecode.swift; path = ProfileView.swift; sourceTree = "<group>"; };
		500BF3FA27FC807500C19F39 /* SpinnerView.swift */ = {isa = PBXFileReference; lastKnownFileType = sourcecode.swift; path = SpinnerView.swift; sourceTree = "<group>"; };
		500BF3FC27FC955B00C19F39 /* ProfileViewWrapper.swift */ = {isa = PBXFileReference; lastKnownFileType = sourcecode.swift; path = ProfileViewWrapper.swift; sourceTree = "<group>"; };
		500BF40127FCB5CF00C19F39 /* EmailAuthViewModel.swift */ = {isa = PBXFileReference; lastKnownFileType = sourcecode.swift; path = EmailAuthViewModel.swift; sourceTree = "<group>"; };
		501ECAFC27FDD38B006F2FE6 /* TourPortal.entitlements */ = {isa = PBXFileReference; lastKnownFileType = text.plist.entitlements; path = TourPortal.entitlements; sourceTree = "<group>"; };
		501ECAFD27FDD44C006F2FE6 /* Info.plist */ = {isa = PBXFileReference; lastKnownFileType = text.plist; path = Info.plist; sourceTree = "<group>"; };
		501ECAFE27FED29A006F2FE6 /* AuthTextView.swift */ = {isa = PBXFileReference; lastKnownFileType = sourcecode.swift; path = AuthTextView.swift; sourceTree = "<group>"; };
		5039884527F461A900EA01CA /* AuthMethodsView.swift */ = {isa = PBXFileReference; lastKnownFileType = sourcecode.swift; path = AuthMethodsView.swift; sourceTree = "<group>"; };
		5039884E27F484FB00EA01CA /* WideButtonView.swift */ = {isa = PBXFileReference; lastKnownFileType = sourcecode.swift; path = WideButtonView.swift; sourceTree = "<group>"; };
		5039885027F4E85600EA01CA /* EmailAuthView.swift */ = {isa = PBXFileReference; lastKnownFileType = sourcecode.swift; path = EmailAuthView.swift; sourceTree = "<group>"; };
		5039885227F502B200EA01CA /* EmailValidation.swift */ = {isa = PBXFileReference; lastKnownFileType = sourcecode.swift; path = EmailValidation.swift; sourceTree = "<group>"; };
		509F4A0127F6FB5F0078968E /* EmailTextField.swift */ = {isa = PBXFileReference; lastKnownFileType = sourcecode.swift; path = EmailTextField.swift; sourceTree = "<group>"; };
		509F4A0527F70EFC0078968E /* EmailRegistrationView.swift */ = {isa = PBXFileReference; lastKnownFileType = sourcecode.swift; path = EmailRegistrationView.swift; sourceTree = "<group>"; };
		509F4A0727F7164B0078968E /* SecureInputView.swift */ = {isa = PBXFileReference; lastKnownFileType = sourcecode.swift; path = SecureInputView.swift; sourceTree = "<group>"; };
		509F4A0927F72C3F0078968E /* PrivacyPolicyView.swift */ = {isa = PBXFileReference; lastKnownFileType = sourcecode.swift; path = PrivacyPolicyView.swift; sourceTree = "<group>"; };
		50AA9FED27FF06700009F77B /* ru */ = {isa = PBXFileReference; lastKnownFileType = text.plist.strings; name = ru; path = ru.lproj/Localizable.strings; sourceTree = "<group>"; };
		50AA9FF127FF18420009F77B /* Credentials.swift */ = {isa = PBXFileReference; lastKnownFileType = sourcecode.swift; path = Credentials.swift; sourceTree = "<group>"; };
		50FF5DE427EF36E2009F1E80 /* TourPortal.app */ = {isa = PBXFileReference; explicitFileType = wrapper.application; includeInIndex = 0; path = TourPortal.app; sourceTree = BUILT_PRODUCTS_DIR; };
		50FF5DE727EF36E2009F1E80 /* TourPortalApp.swift */ = {isa = PBXFileReference; lastKnownFileType = sourcecode.swift; path = TourPortalApp.swift; sourceTree = "<group>"; };
		50FF5DE927EF36E2009F1E80 /* MainTabView.swift */ = {isa = PBXFileReference; lastKnownFileType = sourcecode.swift; path = MainTabView.swift; sourceTree = "<group>"; };
		50FF5DEB27EF36E4009F1E80 /* Assets.xcassets */ = {isa = PBXFileReference; lastKnownFileType = folder.assetcatalog; path = Assets.xcassets; sourceTree = "<group>"; };
		50FF5DEE27EF36E4009F1E80 /* Preview Assets.xcassets */ = {isa = PBXFileReference; lastKnownFileType = folder.assetcatalog; path = "Preview Assets.xcassets"; sourceTree = "<group>"; };
		50FF5DF527EF38DF009F1E80 /* MainView.swift */ = {isa = PBXFileReference; lastKnownFileType = sourcecode.swift; path = MainView.swift; sourceTree = "<group>"; };
		50FF5DF727F081A1009F1E80 /* NewsfeedView.swift */ = {isa = PBXFileReference; lastKnownFileType = sourcecode.swift; path = NewsfeedView.swift; sourceTree = "<group>"; };
		50FF5DFE27F08C7C009F1E80 /* TextIconLabelStyle.swift */ = {isa = PBXFileReference; lastKnownFileType = sourcecode.swift; path = TextIconLabelStyle.swift; sourceTree = "<group>"; };
		50FF5E0027F09D20009F1E80 /* SearchModuleView.swift */ = {isa = PBXFileReference; lastKnownFileType = sourcecode.swift; path = SearchModuleView.swift; sourceTree = "<group>"; };
		50FF5E0227F0A0C2009F1E80 /* LogoView.swift */ = {isa = PBXFileReference; lastKnownFileType = sourcecode.swift; path = LogoView.swift; sourceTree = "<group>"; };
		50FF5E0427F0A734009F1E80 /* PopularRoutesView.swift */ = {isa = PBXFileReference; lastKnownFileType = sourcecode.swift; path = PopularRoutesView.swift; sourceTree = "<group>"; };
		50FF5E0627F0A99E009F1E80 /* AvailableRoutesView.swift */ = {isa = PBXFileReference; lastKnownFileType = sourcecode.swift; path = AvailableRoutesView.swift; sourceTree = "<group>"; };
		50FF5E0927F0E925009F1E80 /* ChatView.swift */ = {isa = PBXFileReference; lastKnownFileType = sourcecode.swift; path = ChatView.swift; sourceTree = "<group>"; };
		50FF5E0C27F0EA3C009F1E80 /* AuthView.swift */ = {isa = PBXFileReference; lastKnownFileType = sourcecode.swift; path = AuthView.swift; sourceTree = "<group>"; };
		50FF5E1027F2206C009F1E80 /* NewsTileView.swift */ = {isa = PBXFileReference; lastKnownFileType = sourcecode.swift; path = NewsTileView.swift; sourceTree = "<group>"; };
		50FF5E1227F25A06009F1E80 /* NewsDetailView.swift */ = {isa = PBXFileReference; lastKnownFileType = sourcecode.swift; path = NewsDetailView.swift; sourceTree = "<group>"; };
		50FF5E1427F32466009F1E80 /* SoucialMediaStackView.swift */ = {isa = PBXFileReference; lastKnownFileType = sourcecode.swift; path = SoucialMediaStackView.swift; sourceTree = "<group>"; };
		50FF5E1627F331F8009F1E80 /* OfficeInfoView.swift */ = {isa = PBXFileReference; lastKnownFileType = sourcecode.swift; path = OfficeInfoView.swift; sourceTree = "<group>"; };
		50FF5E1827F34844009F1E80 /* OfficeMapView.swift */ = {isa = PBXFileReference; lastKnownFileType = sourcecode.swift; path = OfficeMapView.swift; sourceTree = "<group>"; };
		50FF5E1A27F3A125009F1E80 /* PhoneCallButtonView.swift */ = {isa = PBXFileReference; lastKnownFileType = sourcecode.swift; path = PhoneCallButtonView.swift; sourceTree = "<group>"; };
/* End PBXFileReference section */

/* Begin PBXFrameworksBuildPhase section */
		50FF5DE127EF36E2009F1E80 /* Frameworks */ = {
			isa = PBXFrameworksBuildPhase;
			buildActionMask = 2147483647;
			files = (
				500BF3DD27F767C600C19F39 /* FirebaseAnalytics in Frameworks */,
				500BF3E127F767C600C19F39 /* FirebaseFirestore in Frameworks */,
				500BF3DF27F767C600C19F39 /* FirebaseAuth in Frameworks */,
				500BF3E327F767C600C19F39 /* FirebaseStorage in Frameworks */,
				5039884927F46A3000EA01CA /* PartialSheet in Frameworks */,
			);
			runOnlyForDeploymentPostprocessing = 0;
		};
/* End PBXFrameworksBuildPhase section */

/* Begin PBXGroup section */
		500BF3E427F768C900C19F39 /* Models */ = {
			isa = PBXGroup;
			children = (
				500BF3F427FB456D00C19F39 /* Pasport.swift */,
				50AA9FF127FF18420009F77B /* Credentials.swift */,
			);
			path = Models;
			sourceTree = "<group>";
		};
		500BF3E527F768D000C19F39 /* ViewModels */ = {
			isa = PBXGroup;
			children = (
				500BF3E627F77C2700C19F39 /* AuthViewModel.swift */,
				500BF40127FCB5CF00C19F39 /* EmailAuthViewModel.swift */,
			);
			path = ViewModels;
			sourceTree = "<group>";
		};
		500BF3E827F7859200C19F39 /* Styles */ = {
			isa = PBXGroup;
			children = (
				50FF5DFE27F08C7C009F1E80 /* TextIconLabelStyle.swift */,
			);
			path = Styles;
			sourceTree = "<group>";
		};
		500BF3EF27FB0FE000C19F39 /* AuthViews */ = {
			isa = PBXGroup;
			children = (
				50FF5E0C27F0EA3C009F1E80 /* AuthView.swift */,
				501ECAFE27FED29A006F2FE6 /* AuthTextView.swift */,
				5039884527F461A900EA01CA /* AuthMethodsView.swift */,
				5039885027F4E85600EA01CA /* EmailAuthView.swift */,
				509F4A0527F70EFC0078968E /* EmailRegistrationView.swift */,
				509F4A0127F6FB5F0078968E /* EmailTextField.swift */,
				509F4A0727F7164B0078968E /* SecureInputView.swift */,
				509F4A0927F72C3F0078968E /* PrivacyPolicyView.swift */,
			);
			path = AuthViews;
			sourceTree = "<group>";
		};
		500BF40027FCAA1200C19F39 /* SignInViews */ = {
			isa = PBXGroup;
			children = (
				500BF3EB27FAFF6900C19F39 /* SignInView.swift */,
				500BF3ED27FB0FCF00C19F39 /* PasportsView.swift */,
				500BF3F227FB3FBC00C19F39 /* PasportDetailView.swift */,
				500BF3F027FB1FE700C19F39 /* PasportTileView.swift */,
			);
			path = SignInViews;
			sourceTree = "<group>";
		};
		50FF5DDB27EF36E2009F1E80 = {
			isa = PBXGroup;
			children = (
				50FF5DE627EF36E2009F1E80 /* TourPortal */,
				50FF5DE527EF36E2009F1E80 /* Products */,
			);
			sourceTree = "<group>";
		};
		50FF5DE527EF36E2009F1E80 /* Products */ = {
			isa = PBXGroup;
			children = (
				50FF5DE427EF36E2009F1E80 /* TourPortal.app */,
			);
			name = Products;
			sourceTree = "<group>";
		};
		50FF5DE627EF36E2009F1E80 /* TourPortal */ = {
			isa = PBXGroup;
			children = (
				501ECAFD27FDD44C006F2FE6 /* Info.plist */,
				501ECAFC27FDD38B006F2FE6 /* TourPortal.entitlements */,
				50FF5DE727EF36E2009F1E80 /* TourPortalApp.swift */,
				500BF3D927F762F200C19F39 /* GoogleService-Info.plist */,
				500BF3E527F768D000C19F39 /* ViewModels */,
				500BF3E427F768C900C19F39 /* Models */,
				50FF5DF927F0829A009F1E80 /* Views */,
				50FF5DFD27F08C5F009F1E80 /* Services */,
				500BF3E827F7859200C19F39 /* Styles */,
				50FF5DEB27EF36E4009F1E80 /* Assets.xcassets */,
				50FF5DED27EF36E4009F1E80 /* Preview Content */,
				50AA9FEE27FF06700009F77B /* Localizable.strings */,
			);
			path = TourPortal;
			sourceTree = "<group>";
		};
		50FF5DED27EF36E4009F1E80 /* Preview Content */ = {
			isa = PBXGroup;
			children = (
				50FF5DEE27EF36E4009F1E80 /* Preview Assets.xcassets */,
			);
			path = "Preview Content";
			sourceTree = "<group>";
		};
		50FF5DF927F0829A009F1E80 /* Views */ = {
			isa = PBXGroup;
			children = (
				50FF5DE927EF36E2009F1E80 /* MainTabView.swift */,
				5039884E27F484FB00EA01CA /* WideButtonView.swift */,
				500BF3FA27FC807500C19F39 /* SpinnerView.swift */,
				50FF5E0E27F0EB1F009F1E80 /* SearchViews */,
				50FF5E0F27F0EB39009F1E80 /* NewsfeedViews */,
				50FF5E0827F0E90D009F1E80 /* ChatViews */,
				50FF5E0B27F0EA2D009F1E80 /* Profile */,
			);
			path = Views;
			sourceTree = "<group>";
		};
		50FF5DFD27F08C5F009F1E80 /* Services */ = {
			isa = PBXGroup;
			children = (
				5039885227F502B200EA01CA /* EmailValidation.swift */,
				500BF3E927F78E9300C19F39 /* AuthManager.swift */,
				500BF3F627FB95C000C19F39 /* PasportsManager.swift */,
			);
			path = Services;
			sourceTree = "<group>";
		};
		50FF5E0827F0E90D009F1E80 /* ChatViews */ = {
			isa = PBXGroup;
			children = (
				50FF5E0927F0E925009F1E80 /* ChatView.swift */,
				50FF5E1A27F3A125009F1E80 /* PhoneCallButtonView.swift */,
				50FF5E1427F32466009F1E80 /* SoucialMediaStackView.swift */,
				50FF5E1627F331F8009F1E80 /* OfficeInfoView.swift */,
				50FF5E1827F34844009F1E80 /* OfficeMapView.swift */,
			);
			path = ChatViews;
			sourceTree = "<group>";
		};
		50FF5E0B27F0EA2D009F1E80 /* Profile */ = {
			isa = PBXGroup;
			children = (
				500BF3FC27FC955B00C19F39 /* ProfileViewWrapper.swift */,
				500BF3F827FB9FCA00C19F39 /* ProfileView.swift */,
				500BF40027FCAA1200C19F39 /* SignInViews */,
				500BF3EF27FB0FE000C19F39 /* AuthViews */,
			);
			path = Profile;
			sourceTree = "<group>";
		};
		50FF5E0E27F0EB1F009F1E80 /* SearchViews */ = {
			isa = PBXGroup;
			children = (
				50FF5DF527EF38DF009F1E80 /* MainView.swift */,
				50FF5E0627F0A99E009F1E80 /* AvailableRoutesView.swift */,
				50FF5E0427F0A734009F1E80 /* PopularRoutesView.swift */,
				50FF5E0227F0A0C2009F1E80 /* LogoView.swift */,
				50FF5E0027F09D20009F1E80 /* SearchModuleView.swift */,
			);
			path = SearchViews;
			sourceTree = "<group>";
		};
		50FF5E0F27F0EB39009F1E80 /* NewsfeedViews */ = {
			isa = PBXGroup;
			children = (
				50FF5DF727F081A1009F1E80 /* NewsfeedView.swift */,
				50FF5E1027F2206C009F1E80 /* NewsTileView.swift */,
				50FF5E1227F25A06009F1E80 /* NewsDetailView.swift */,
			);
			path = NewsfeedViews;
			sourceTree = "<group>";
		};
/* End PBXGroup section */

/* Begin PBXNativeTarget section */
		50FF5DE327EF36E2009F1E80 /* TourPortal */ = {
			isa = PBXNativeTarget;
			buildConfigurationList = 50FF5DF227EF36E4009F1E80 /* Build configuration list for PBXNativeTarget "TourPortal" */;
			buildPhases = (
				50FF5DE027EF36E2009F1E80 /* Sources */,
				50FF5DE127EF36E2009F1E80 /* Frameworks */,
				50FF5DE227EF36E2009F1E80 /* Resources */,
			);
			buildRules = (
			);
			dependencies = (
			);
			name = TourPortal;
			packageProductDependencies = (
				5039884827F46A3000EA01CA /* PartialSheet */,
				500BF3DC27F767C600C19F39 /* FirebaseAnalytics */,
				500BF3DE27F767C600C19F39 /* FirebaseAuth */,
				500BF3E027F767C600C19F39 /* FirebaseFirestore */,
				500BF3E227F767C600C19F39 /* FirebaseStorage */,
			);
			productName = TourPortal;
			productReference = 50FF5DE427EF36E2009F1E80 /* TourPortal.app */;
			productType = "com.apple.product-type.application";
		};
/* End PBXNativeTarget section */

/* Begin PBXProject section */
		50FF5DDC27EF36E2009F1E80 /* Project object */ = {
			isa = PBXProject;
			attributes = {
				BuildIndependentTargetsInParallel = 1;
				LastSwiftUpdateCheck = 1330;
				LastUpgradeCheck = 1330;
				TargetAttributes = {
					50FF5DE327EF36E2009F1E80 = {
						CreatedOnToolsVersion = 13.3;
					};
				};
			};
			buildConfigurationList = 50FF5DDF27EF36E2009F1E80 /* Build configuration list for PBXProject "TourPortal" */;
			compatibilityVersion = "Xcode 13.0";
			developmentRegion = ru;
			hasScannedForEncodings = 0;
			knownRegions = (
				ru,
			);
			mainGroup = 50FF5DDB27EF36E2009F1E80;
			packageReferences = (
				5039884727F46A3000EA01CA /* XCRemoteSwiftPackageReference "PartialSheet" */,
				500BF3DB27F767C600C19F39 /* XCRemoteSwiftPackageReference "firebase-ios-sdk" */,
			);
			productRefGroup = 50FF5DE527EF36E2009F1E80 /* Products */;
			projectDirPath = "";
			projectRoot = "";
			targets = (
				50FF5DE327EF36E2009F1E80 /* TourPortal */,
			);
		};
/* End PBXProject section */

/* Begin PBXResourcesBuildPhase section */
		50FF5DE227EF36E2009F1E80 /* Resources */ = {
			isa = PBXResourcesBuildPhase;
			buildActionMask = 2147483647;
			files = (
				50FF5DEF27EF36E4009F1E80 /* Preview Assets.xcassets in Resources */,
				50AA9FEC27FF06700009F77B /* Localizable.strings in Resources */,
				50FF5DEC27EF36E4009F1E80 /* Assets.xcassets in Resources */,
				500BF3DA27F762F200C19F39 /* GoogleService-Info.plist in Resources */,
			);
			runOnlyForDeploymentPostprocessing = 0;
		};
/* End PBXResourcesBuildPhase section */

/* Begin PBXSourcesBuildPhase section */
		50FF5DE027EF36E2009F1E80 /* Sources */ = {
			isa = PBXSourcesBuildPhase;
			buildActionMask = 2147483647;
			files = (
				500BF3F327FB3FBC00C19F39 /* PasportDetailView.swift in Sources */,
				500BF3FD27FC955B00C19F39 /* ProfileViewWrapper.swift in Sources */,
				50FF5E0727F0A99E009F1E80 /* AvailableRoutesView.swift in Sources */,
				500BF3EA27F78E9300C19F39 /* AuthManager.swift in Sources */,
				50FF5DEA27EF36E2009F1E80 /* MainTabView.swift in Sources */,
				5039885127F4E85600EA01CA /* EmailAuthView.swift in Sources */,
				50FF5E0A27F0E925009F1E80 /* ChatView.swift in Sources */,
				509F4A0627F70EFC0078968E /* EmailRegistrationView.swift in Sources */,
				509F4A0827F7164B0078968E /* SecureInputView.swift in Sources */,
				5039884F27F484FB00EA01CA /* WideButtonView.swift in Sources */,
				50FF5E1927F34844009F1E80 /* OfficeMapView.swift in Sources */,
				500BF3FB27FC807500C19F39 /* SpinnerView.swift in Sources */,
				50FF5DFF27F08C7C009F1E80 /* TextIconLabelStyle.swift in Sources */,
				500BF3F127FB1FE700C19F39 /* PasportTileView.swift in Sources */,
				500BF3F927FB9FCA00C19F39 /* ProfileView.swift in Sources */,
				509F4A0A27F72C3F0078968E /* PrivacyPolicyView.swift in Sources */,
				500BF3E727F77C2700C19F39 /* AuthViewModel.swift in Sources */,
				50FF5DF827F081A1009F1E80 /* NewsfeedView.swift in Sources */,
				50FF5E0527F0A734009F1E80 /* PopularRoutesView.swift in Sources */,
				50FF5E0127F09D20009F1E80 /* SearchModuleView.swift in Sources */,
				5039884627F461A900EA01CA /* AuthMethodsView.swift in Sources */,
				50FF5E1127F2206C009F1E80 /* NewsTileView.swift in Sources */,
				50FF5E0327F0A0C2009F1E80 /* LogoView.swift in Sources */,
				5039885327F502B200EA01CA /* EmailValidation.swift in Sources */,
				50FF5E1527F32466009F1E80 /* SoucialMediaStackView.swift in Sources */,
				500BF40227FCB5CF00C19F39 /* EmailAuthViewModel.swift in Sources */,
				509F4A0227F6FB5F0078968E /* EmailTextField.swift in Sources */,
				501ECAFF27FED29A006F2FE6 /* AuthTextView.swift in Sources */,
				500BF3EE27FB0FCF00C19F39 /* PasportsView.swift in Sources */,
				50FF5E1727F331F8009F1E80 /* OfficeInfoView.swift in Sources */,
				50AA9FF227FF18420009F77B /* Credentials.swift in Sources */,
				500BF3EC27FAFF6900C19F39 /* SignInView.swift in Sources */,
				50FF5DF627EF38DF009F1E80 /* MainView.swift in Sources */,
				50FF5E0D27F0EA3C009F1E80 /* AuthView.swift in Sources */,
				50FF5E1B27F3A125009F1E80 /* PhoneCallButtonView.swift in Sources */,
				50FF5DE827EF36E2009F1E80 /* TourPortalApp.swift in Sources */,
				500BF3F727FB95C000C19F39 /* PasportsManager.swift in Sources */,
				500BF3F527FB456D00C19F39 /* Pasport.swift in Sources */,
				50FF5E1327F25A06009F1E80 /* NewsDetailView.swift in Sources */,
			);
			runOnlyForDeploymentPostprocessing = 0;
		};
/* End PBXSourcesBuildPhase section */

/* Begin PBXVariantGroup section */
		50AA9FEE27FF06700009F77B /* Localizable.strings */ = {
			isa = PBXVariantGroup;
			children = (
				50AA9FED27FF06700009F77B /* ru */,
			);
			name = Localizable.strings;
			sourceTree = "<group>";
		};
/* End PBXVariantGroup section */

/* Begin XCBuildConfiguration section */
		50FF5DF027EF36E4009F1E80 /* Debug */ = {
			isa = XCBuildConfiguration;
			buildSettings = {
				ALWAYS_SEARCH_USER_PATHS = NO;
				CLANG_ANALYZER_LOCALIZABILITY_NONLOCALIZED = YES;
				CLANG_ANALYZER_NONNULL = YES;
				CLANG_ANALYZER_NUMBER_OBJECT_CONVERSION = YES_AGGRESSIVE;
				CLANG_CXX_LANGUAGE_STANDARD = "gnu++17";
				CLANG_ENABLE_MODULES = YES;
				CLANG_ENABLE_OBJC_ARC = YES;
				CLANG_ENABLE_OBJC_WEAK = YES;
				CLANG_WARN_BLOCK_CAPTURE_AUTORELEASING = YES;
				CLANG_WARN_BOOL_CONVERSION = YES;
				CLANG_WARN_COMMA = YES;
				CLANG_WARN_CONSTANT_CONVERSION = YES;
				CLANG_WARN_DEPRECATED_OBJC_IMPLEMENTATIONS = YES;
				CLANG_WARN_DIRECT_OBJC_ISA_USAGE = YES_ERROR;
				CLANG_WARN_DOCUMENTATION_COMMENTS = YES;
				CLANG_WARN_EMPTY_BODY = YES;
				CLANG_WARN_ENUM_CONVERSION = YES;
				CLANG_WARN_INFINITE_RECURSION = YES;
				CLANG_WARN_INT_CONVERSION = YES;
				CLANG_WARN_NON_LITERAL_NULL_CONVERSION = YES;
				CLANG_WARN_OBJC_IMPLICIT_RETAIN_SELF = YES;
				CLANG_WARN_OBJC_LITERAL_CONVERSION = YES;
				CLANG_WARN_OBJC_ROOT_CLASS = YES_ERROR;
				CLANG_WARN_QUOTED_INCLUDE_IN_FRAMEWORK_HEADER = YES;
				CLANG_WARN_RANGE_LOOP_ANALYSIS = YES;
				CLANG_WARN_STRICT_PROTOTYPES = YES;
				CLANG_WARN_SUSPICIOUS_MOVE = YES;
				CLANG_WARN_UNGUARDED_AVAILABILITY = YES_AGGRESSIVE;
				CLANG_WARN_UNREACHABLE_CODE = YES;
				CLANG_WARN__DUPLICATE_METHOD_MATCH = YES;
				COPY_PHASE_STRIP = NO;
				DEBUG_INFORMATION_FORMAT = dwarf;
				ENABLE_STRICT_OBJC_MSGSEND = YES;
				ENABLE_TESTABILITY = YES;
				GCC_C_LANGUAGE_STANDARD = gnu11;
				GCC_DYNAMIC_NO_PIC = NO;
				GCC_NO_COMMON_BLOCKS = YES;
				GCC_OPTIMIZATION_LEVEL = 0;
				GCC_PREPROCESSOR_DEFINITIONS = (
					"DEBUG=1",
					"$(inherited)",
				);
				GCC_WARN_64_TO_32_BIT_CONVERSION = YES;
				GCC_WARN_ABOUT_RETURN_TYPE = YES_ERROR;
				GCC_WARN_UNDECLARED_SELECTOR = YES;
				GCC_WARN_UNINITIALIZED_AUTOS = YES_AGGRESSIVE;
				GCC_WARN_UNUSED_FUNCTION = YES;
				GCC_WARN_UNUSED_VARIABLE = YES;
				IPHONEOS_DEPLOYMENT_TARGET = 15.0;
				MTL_ENABLE_DEBUG_INFO = INCLUDE_SOURCE;
				MTL_FAST_MATH = YES;
				ONLY_ACTIVE_ARCH = YES;
				SDKROOT = iphoneos;
				SWIFT_ACTIVE_COMPILATION_CONDITIONS = DEBUG;
				SWIFT_OPTIMIZATION_LEVEL = "-Onone";
			};
			name = Debug;
		};
		50FF5DF127EF36E4009F1E80 /* Release */ = {
			isa = XCBuildConfiguration;
			buildSettings = {
				ALWAYS_SEARCH_USER_PATHS = NO;
				CLANG_ANALYZER_LOCALIZABILITY_NONLOCALIZED = YES;
				CLANG_ANALYZER_NONNULL = YES;
				CLANG_ANALYZER_NUMBER_OBJECT_CONVERSION = YES_AGGRESSIVE;
				CLANG_CXX_LANGUAGE_STANDARD = "gnu++17";
				CLANG_ENABLE_MODULES = YES;
				CLANG_ENABLE_OBJC_ARC = YES;
				CLANG_ENABLE_OBJC_WEAK = YES;
				CLANG_WARN_BLOCK_CAPTURE_AUTORELEASING = YES;
				CLANG_WARN_BOOL_CONVERSION = YES;
				CLANG_WARN_COMMA = YES;
				CLANG_WARN_CONSTANT_CONVERSION = YES;
				CLANG_WARN_DEPRECATED_OBJC_IMPLEMENTATIONS = YES;
				CLANG_WARN_DIRECT_OBJC_ISA_USAGE = YES_ERROR;
				CLANG_WARN_DOCUMENTATION_COMMENTS = YES;
				CLANG_WARN_EMPTY_BODY = YES;
				CLANG_WARN_ENUM_CONVERSION = YES;
				CLANG_WARN_INFINITE_RECURSION = YES;
				CLANG_WARN_INT_CONVERSION = YES;
				CLANG_WARN_NON_LITERAL_NULL_CONVERSION = YES;
				CLANG_WARN_OBJC_IMPLICIT_RETAIN_SELF = YES;
				CLANG_WARN_OBJC_LITERAL_CONVERSION = YES;
				CLANG_WARN_OBJC_ROOT_CLASS = YES_ERROR;
				CLANG_WARN_QUOTED_INCLUDE_IN_FRAMEWORK_HEADER = YES;
				CLANG_WARN_RANGE_LOOP_ANALYSIS = YES;
				CLANG_WARN_STRICT_PROTOTYPES = YES;
				CLANG_WARN_SUSPICIOUS_MOVE = YES;
				CLANG_WARN_UNGUARDED_AVAILABILITY = YES_AGGRESSIVE;
				CLANG_WARN_UNREACHABLE_CODE = YES;
				CLANG_WARN__DUPLICATE_METHOD_MATCH = YES;
				COPY_PHASE_STRIP = NO;
				DEBUG_INFORMATION_FORMAT = "dwarf-with-dsym";
				ENABLE_NS_ASSERTIONS = NO;
				ENABLE_STRICT_OBJC_MSGSEND = YES;
				GCC_C_LANGUAGE_STANDARD = gnu11;
				GCC_NO_COMMON_BLOCKS = YES;
				GCC_WARN_64_TO_32_BIT_CONVERSION = YES;
				GCC_WARN_ABOUT_RETURN_TYPE = YES_ERROR;
				GCC_WARN_UNDECLARED_SELECTOR = YES;
				GCC_WARN_UNINITIALIZED_AUTOS = YES_AGGRESSIVE;
				GCC_WARN_UNUSED_FUNCTION = YES;
				GCC_WARN_UNUSED_VARIABLE = YES;
				IPHONEOS_DEPLOYMENT_TARGET = 15.0;
				MTL_ENABLE_DEBUG_INFO = NO;
				MTL_FAST_MATH = YES;
				SDKROOT = iphoneos;
				SWIFT_COMPILATION_MODE = wholemodule;
				SWIFT_OPTIMIZATION_LEVEL = "-O";
				VALIDATE_PRODUCT = YES;
			};
			name = Release;
		};
		50FF5DF327EF36E4009F1E80 /* Debug */ = {
			isa = XCBuildConfiguration;
			buildSettings = {
				ASSETCATALOG_COMPILER_APPICON_NAME = AppIcon;
				ASSETCATALOG_COMPILER_GLOBAL_ACCENT_COLOR_NAME = AccentColor;
				CODE_SIGN_ENTITLEMENTS = TourPortal/TourPortal.entitlements;
				CODE_SIGN_STYLE = Automatic;
				CURRENT_PROJECT_VERSION = 0.1;
				DEVELOPMENT_ASSET_PATHS = "\"TourPortal/Preview Content\"";
				DEVELOPMENT_TEAM = 6J7BMHDBAB;
				ENABLE_PREVIEWS = YES;
				GENERATE_INFOPLIST_FILE = YES;
				INFOPLIST_FILE = TourPortal/Info.plist;
				INFOPLIST_KEY_UIApplicationSceneManifest_Generation = YES;
				INFOPLIST_KEY_UIApplicationSupportsIndirectInputEvents = YES;
				INFOPLIST_KEY_UILaunchScreen_Generation = YES;
				INFOPLIST_KEY_UISupportedInterfaceOrientations_iPad = "UIInterfaceOrientationPortrait UIInterfaceOrientationPortraitUpsideDown UIInterfaceOrientationLandscapeLeft UIInterfaceOrientationLandscapeRight";
				INFOPLIST_KEY_UISupportedInterfaceOrientations_iPhone = "UIInterfaceOrientationPortrait UIInterfaceOrientationLandscapeLeft UIInterfaceOrientationLandscapeRight";
				IPHONEOS_DEPLOYMENT_TARGET = 15.0;
				LD_RUNPATH_SEARCH_PATHS = (
					"$(inherited)",
					"@executable_path/Frameworks",
				);
				MARKETING_VERSION = 0.0.1;
				PRODUCT_BUNDLE_IDENTIFIER = com.shashkov.TourPortal;
				PRODUCT_NAME = "$(TARGET_NAME)";
				SWIFT_EMIT_LOC_STRINGS = YES;
				SWIFT_VERSION = 5.0;
				TARGETED_DEVICE_FAMILY = "1,2";
			};
			name = Debug;
		};
		50FF5DF427EF36E4009F1E80 /* Release */ = {
			isa = XCBuildConfiguration;
			buildSettings = {
				ASSETCATALOG_COMPILER_APPICON_NAME = AppIcon;
				ASSETCATALOG_COMPILER_GLOBAL_ACCENT_COLOR_NAME = AccentColor;
				CODE_SIGN_ENTITLEMENTS = TourPortal/TourPortal.entitlements;
				CODE_SIGN_STYLE = Automatic;
				CURRENT_PROJECT_VERSION = 0.1;
				DEVELOPMENT_ASSET_PATHS = "\"TourPortal/Preview Content\"";
				DEVELOPMENT_TEAM = 6J7BMHDBAB;
				ENABLE_PREVIEWS = YES;
				GENERATE_INFOPLIST_FILE = YES;
				INFOPLIST_FILE = TourPortal/Info.plist;
				INFOPLIST_KEY_UIApplicationSceneManifest_Generation = YES;
				INFOPLIST_KEY_UIApplicationSupportsIndirectInputEvents = YES;
				INFOPLIST_KEY_UILaunchScreen_Generation = YES;
				INFOPLIST_KEY_UISupportedInterfaceOrientations_iPad = "UIInterfaceOrientationPortrait UIInterfaceOrientationPortraitUpsideDown UIInterfaceOrientationLandscapeLeft UIInterfaceOrientationLandscapeRight";
				INFOPLIST_KEY_UISupportedInterfaceOrientations_iPhone = "UIInterfaceOrientationPortrait UIInterfaceOrientationLandscapeLeft UIInterfaceOrientationLandscapeRight";
				IPHONEOS_DEPLOYMENT_TARGET = 15.0;
				LD_RUNPATH_SEARCH_PATHS = (
					"$(inherited)",
					"@executable_path/Frameworks",
				);
				MARKETING_VERSION = 0.0.1;
				PRODUCT_BUNDLE_IDENTIFIER = com.shashkov.TourPortal;
				PRODUCT_NAME = "$(TARGET_NAME)";
				SWIFT_EMIT_LOC_STRINGS = YES;
				SWIFT_VERSION = 5.0;
				TARGETED_DEVICE_FAMILY = "1,2";
			};
			name = Release;
		};
/* End XCBuildConfiguration section */

/* Begin XCConfigurationList section */
		50FF5DDF27EF36E2009F1E80 /* Build configuration list for PBXProject "TourPortal" */ = {
			isa = XCConfigurationList;
			buildConfigurations = (
				50FF5DF027EF36E4009F1E80 /* Debug */,
				50FF5DF127EF36E4009F1E80 /* Release */,
			);
			defaultConfigurationIsVisible = 0;
			defaultConfigurationName = Release;
		};
		50FF5DF227EF36E4009F1E80 /* Build configuration list for PBXNativeTarget "TourPortal" */ = {
			isa = XCConfigurationList;
			buildConfigurations = (
				50FF5DF327EF36E4009F1E80 /* Debug */,
				50FF5DF427EF36E4009F1E80 /* Release */,
			);
			defaultConfigurationIsVisible = 0;
			defaultConfigurationName = Release;
		};
/* End XCConfigurationList section */

/* Begin XCRemoteSwiftPackageReference section */
		500BF3DB27F767C600C19F39 /* XCRemoteSwiftPackageReference "firebase-ios-sdk" */ = {
			isa = XCRemoteSwiftPackageReference;
			repositoryURL = "https://github.com/firebase/firebase-ios-sdk";
			requirement = {
				branch = master;
				kind = branch;
			};
		};
		5039884727F46A3000EA01CA /* XCRemoteSwiftPackageReference "PartialSheet" */ = {
			isa = XCRemoteSwiftPackageReference;
			repositoryURL = "https://github.com/AndreaMiotto/PartialSheet";
			requirement = {
				branch = master;
				kind = branch;
			};
		};
/* End XCRemoteSwiftPackageReference section */

/* Begin XCSwiftPackageProductDependency section */
		500BF3DC27F767C600C19F39 /* FirebaseAnalytics */ = {
			isa = XCSwiftPackageProductDependency;
			package = 500BF3DB27F767C600C19F39 /* XCRemoteSwiftPackageReference "firebase-ios-sdk" */;
			productName = FirebaseAnalytics;
		};
		500BF3DE27F767C600C19F39 /* FirebaseAuth */ = {
			isa = XCSwiftPackageProductDependency;
			package = 500BF3DB27F767C600C19F39 /* XCRemoteSwiftPackageReference "firebase-ios-sdk" */;
			productName = FirebaseAuth;
		};
		500BF3E027F767C600C19F39 /* FirebaseFirestore */ = {
			isa = XCSwiftPackageProductDependency;
			package = 500BF3DB27F767C600C19F39 /* XCRemoteSwiftPackageReference "firebase-ios-sdk" */;
			productName = FirebaseFirestore;
		};
		500BF3E227F767C600C19F39 /* FirebaseStorage */ = {
			isa = XCSwiftPackageProductDependency;
			package = 500BF3DB27F767C600C19F39 /* XCRemoteSwiftPackageReference "firebase-ios-sdk" */;
			productName = FirebaseStorage;
		};
		5039884827F46A3000EA01CA /* PartialSheet */ = {
			isa = XCSwiftPackageProductDependency;
			package = 5039884727F46A3000EA01CA /* XCRemoteSwiftPackageReference "PartialSheet" */;
			productName = PartialSheet;
		};
/* End XCSwiftPackageProductDependency section */
	};
	rootObject = 50FF5DDC27EF36E2009F1E80 /* Project object */;
}
